
Microsoft Visual Studio Solution File, Format Version 12.00
# Visual Studio Version 16
VisualStudioVersion = 16.0.30523.141
MinimumVisualStudioVersion = 10.0.40219.1
Project("{9A19103F-16F7-4668-BE54-9A1E7A4F7556}") = "BitwiseOperations", "BitwiseOperations.csproj", "{F857A6A5-E345-414D-8A16-B43C0FE1BBC4}"
EndProject
Project("{FAE04EC0-301F-11D3-BF4B-00C04F79EFBC}") = "BitAtN-thPosition", "..\BitAtN-thPosition\BitAtN-thPosition.csproj", "{D255EF1C-2759-4465-9C7F-365A39C524C3}"
EndProject
Project("{FAE04EC0-301F-11D3-BF4B-00C04F79EFBC}") = "OddTimes", "..\OddTimes\OddTimes.csproj", "{87FF92DE-AAB2-4DFD-AF55-39F45F7461EF}"
EndProject
Global
	GlobalSection(SolutionConfigurationPlatforms) = preSolution
		Debug|Any CPU = Debug|Any CPU
		Release|Any CPU = Release|Any CPU
	EndGlobalSection
	GlobalSection(ProjectConfigurationPlatforms) = postSolution
		{F857A6A5-E345-414D-8A16-B43C0FE1BBC4}.Debug|Any CPU.ActiveCfg = Debug|Any CPU
		{F857A6A5-E345-414D-8A16-B43C0FE1BBC4}.Debug|Any CPU.Build.0 = Debug|Any CPU
		{F857A6A5-E345-414D-8A16-B43C0FE1BBC4}.Release|Any CPU.ActiveCfg = Release|Any CPU
		{F857A6A5-E345-414D-8A16-B43C0FE1BBC4}.Release|Any CPU.Build.0 = Release|Any CPU
		{D255EF1C-2759-4465-9C7F-365A39C524C3}.Debug|Any CPU.ActiveCfg = Debug|Any CPU
		{D255EF1C-2759-4465-9C7F-365A39C524C3}.Debug|Any CPU.Build.0 = Debug|Any CPU
		{D255EF1C-2759-4465-9C7F-365A39C524C3}.Release|Any CPU.ActiveCfg = Release|Any CPU
		{D255EF1C-2759-4465-9C7F-365A39C524C3}.Release|Any CPU.Build.0 = Release|Any CPU
		{87FF92DE-AAB2-4DFD-AF55-39F45F7461EF}.Debug|Any CPU.ActiveCfg = Debug|Any CPU
		{87FF92DE-AAB2-4DFD-AF55-39F45F7461EF}.Debug|Any CPU.Build.0 = Debug|Any CPU
		{87FF92DE-AAB2-4DFD-AF55-39F45F7461EF}.Release|Any CPU.ActiveCfg = Release|Any CPU
		{87FF92DE-AAB2-4DFD-AF55-39F45F7461EF}.Release|Any CPU.Build.0 = Release|Any CPU
	EndGlobalSection
	GlobalSection(SolutionProperties) = preSolution
		HideSolutionNode = FALSE
	EndGlobalSection
	GlobalSection(ExtensibilityGlobals) = postSolution
		SolutionGuid = {A40D1A13-9CCD-4EAC-B2B3-4CB283ACB3B6}
	EndGlobalSection
EndGlobal
